<?xml version="1.0" encoding="utf-8"?>
<Project ToolsVersion="4.0" xmlns="http://schemas.microsoft.com/developer/msbuild/2003">
  <ItemGroup>
    <Filter Include="ソース ファイル">
      <UniqueIdentifier>{4FC737F1-C7A5-4376-A066-2A32D752A2FF}</UniqueIdentifier>
      <Extensions>cpp;c;cc;cxx;def;odl;idl;hpj;bat;asm;asmx</Extensions>
    </Filter>
    <Filter Include="ヘッダー ファイル">
      <UniqueIdentifier>{93995380-89BD-4b04-88EB-625FBE52EBFB}</UniqueIdentifier>
      <Extensions>h;hh;hpp;hxx;hm;inl;inc;xsd</Extensions>
    </Filter>
    <Filter Include="リソース ファイル">
      <UniqueIdentifier>{67DA6AB6-F800-4c08-8B7A-83BB121AAD01}</UniqueIdentifier>
      <Extensions>rc;ico;cur;bmp;dlg;rc2;rct;bin;rgs;gif;jpg;jpeg;jpe;resx;tiff;tif;png;wav;mfcribbon-ms</Extensions>
    </Filter>
    <Filter Include="ヘッダー ファイル\tork">
      <UniqueIdentifier>{bb8a9d54-867e-48ce-ba0f-65ba374b4d6f}</UniqueIdentifier>
    </Filter>
    <Filter Include="ヘッダー ファイル\tork\container">
      <UniqueIdentifier>{1d66e3a8-3261-4464-94f1-f3ccea659962}</UniqueIdentifier>
    </Filter>
    <Filter Include="ヘッダー ファイル\tork\app">
      <UniqueIdentifier>{9e50dabc-346b-4b28-b7cd-6ff8c66781fb}</UniqueIdentifier>
    </Filter>
    <Filter Include="ソース ファイル\app">
      <UniqueIdentifier>{8f0bde88-240e-4d23-abf8-731801255266}</UniqueIdentifier>
    </Filter>
    <Filter Include="ヘッダー ファイル\tork\memory">
      <UniqueIdentifier>{ab92501d-587f-484d-8da4-ec4d001efaed}</UniqueIdentifier>
    </Filter>
  </ItemGroup>
  <ItemGroup>
    <ClInclude Include="stdafx.h">
      <Filter>ヘッダー ファイル</Filter>
    </ClInclude>
    <ClInclude Include="targetver.h">
      <Filter>ヘッダー ファイル</Filter>
    </ClInclude>
    <ClInclude Include="..\include\tork.h">
      <Filter>ヘッダー ファイル</Filter>
    </ClInclude>
    <ClInclude Include="..\include\tork\debug.h">
      <Filter>ヘッダー ファイル\tork</Filter>
    </ClInclude>
    <ClInclude Include="..\include\tork\optional.h">
      <Filter>ヘッダー ファイル\tork</Filter>
    </ClInclude>
    <ClInclude Include="..\include\tork\app\OptionStream.h">
      <Filter>ヘッダー ファイル\tork\app</Filter>
    </ClInclude>
    <ClInclude Include="..\include\tork\container\Vector.h">
      <Filter>ヘッダー ファイル\tork\container</Filter>
    </ClInclude>
    <ClInclude Include="..\include\tork\app.h">
      <Filter>ヘッダー ファイル\tork</Filter>
    </ClInclude>
    <ClInclude Include="..\include\tork\container.h">
      <Filter>ヘッダー ファイル\tork</Filter>
    </ClInclude>
    <ClInclude Include="..\include\tork\define.h">
      <Filter>ヘッダー ファイル\tork</Filter>
    </ClInclude>
    <ClInclude Include="..\include\tork\memory\shared_ptr.h">
      <Filter>ヘッダー ファイル\tork\memory</Filter>
    </ClInclude>
    <ClInclude Include="..\include\tork\memory\default_deleter.h">
      <Filter>ヘッダー ファイル\tork\memory</Filter>
    </ClInclude>
    <ClInclude Include="..\include\tork\memory.h">
      <Filter>ヘッダー ファイル\tork</Filter>
    </ClInclude>
    <ClInclude Include="..\include\tork\memory\allocator.h">
      <Filter>ヘッダー ファイル\tork\memory</Filter>
    </ClInclude>
    <ClInclude Include="..\include\tork\memory\weak_ptr.h">
      <Filter>ヘッダー ファイル\tork\memory</Filter>
    </ClInclude>
    <ClInclude Include="..\include\tork\memory\unique_ptr.h">
      <Filter>ヘッダー ファイル\tork\memory</Filter>
    </ClInclude>
    <ClInclude Include="..\include\tork\memory\ptr_holder.h">
      <Filter>ヘッダー ファイル\tork\memory</Filter>
    </ClInclude>
  </ItemGroup>
  <ItemGroup>
    <ClCompile Include="stdafx.cpp">
      <Filter>ソース ファイル</Filter>
    </ClCompile>
    <ClCompile Include="..\src\debug.cpp">
      <Filter>ソース ファイル</Filter>
    </ClCompile>
    <ClCompile Include="..\src\app\OptionStream.cpp">
      <Filter>ソース ファイル\app</Filter>
    </ClCompile>
  </ItemGroup>
</Project>